
Microsoft Visual Studio Solution File, Format Version 11.00
# Visual Studio 2010
Project("{FAE04EC0-301F-11D3-BF4B-00C04F79EFBC}") = "SimpleTestApp", "SimpleTestApp\SimpleTestApp.csproj", "{54422016-6D6A-44B5-B96A-38DA33C0AC9F}"
EndProject
Project("{FAE04EC0-301F-11D3-BF4B-00C04F79EFBC}") = "Florence", "..\src\Florence\Florence.csproj", "{E6867FF5-74EC-4464-8958-D71CB46232F3}"
EndProject
Project("{FAE04EC0-301F-11D3-BF4B-00C04F79EFBC}") = "Florence.WinForms", "..\src\Florence.WinForms\Florence.WinForms.csproj", "{7173A744-7A13-439B-AE13-A1CCCF4C8197}"
EndProject
Project("{FAE04EC0-301F-11D3-BF4B-00C04F79EFBC}") = "Florence.GtkSharp", "..\src\Florence.GtkSharp\Florence.GtkSharp.csproj", "{1BDEF389-7E30-4D02-93F9-449CC19D07BF}"
EndProject
Project("{FAE04EC0-301F-11D3-BF4B-00C04F79EFBC}") = "SimpleTestAppGtkSharp", "SimpleTestAppGtkSharp\SimpleTestAppGtkSharp.csproj", "{503BA362-75C6-417B-9FE3-A3C11052FE8C}"
EndProject
Global
	GlobalSection(SolutionConfigurationPlatforms) = preSolution
		Debug|Any CPU = Debug|Any CPU
		Debug|Mixed Platforms = Debug|Mixed Platforms
		Debug|x86 = Debug|x86
		Release|Any CPU = Release|Any CPU
		Release|Mixed Platforms = Release|Mixed Platforms
		Release|x86 = Release|x86
	EndGlobalSection
	GlobalSection(ProjectConfigurationPlatforms) = postSolution
		{54422016-6D6A-44B5-B96A-38DA33C0AC9F}.Debug|Any CPU.ActiveCfg = Debug|x86
		{54422016-6D6A-44B5-B96A-38DA33C0AC9F}.Debug|Mixed Platforms.ActiveCfg = Debug|x86
		{54422016-6D6A-44B5-B96A-38DA33C0AC9F}.Debug|Mixed Platforms.Build.0 = Debug|x86
		{54422016-6D6A-44B5-B96A-38DA33C0AC9F}.Debug|x86.ActiveCfg = Debug|x86
		{54422016-6D6A-44B5-B96A-38DA33C0AC9F}.Debug|x86.Build.0 = Debug|x86
		{54422016-6D6A-44B5-B96A-38DA33C0AC9F}.Release|Any CPU.ActiveCfg = Release|x86
		{54422016-6D6A-44B5-B96A-38DA33C0AC9F}.Release|Mixed Platforms.ActiveCfg = Release|x86
		{54422016-6D6A-44B5-B96A-38DA33C0AC9F}.Release|Mixed Platforms.Build.0 = Release|x86
		{54422016-6D6A-44B5-B96A-38DA33C0AC9F}.Release|x86.ActiveCfg = Release|x86
		{54422016-6D6A-44B5-B96A-38DA33C0AC9F}.Release|x86.Build.0 = Release|x86
		{E6867FF5-74EC-4464-8958-D71CB46232F3}.Debug|Any CPU.ActiveCfg = Debug|Any CPU
		{E6867FF5-74EC-4464-8958-D71CB46232F3}.Debug|Any CPU.Build.0 = Debug|Any CPU
		{E6867FF5-74EC-4464-8958-D71CB46232F3}.Debug|Mixed Platforms.ActiveCfg = Debug|Any CPU
		{E6867FF5-74EC-4464-8958-D71CB46232F3}.Debug|Mixed Platforms.Build.0 = Debug|Any CPU
		{E6867FF5-74EC-4464-8958-D71CB46232F3}.Debug|x86.ActiveCfg = Debug|Any CPU
		{E6867FF5-74EC-4464-8958-D71CB46232F3}.Release|Any CPU.ActiveCfg = Release|Any CPU
		{E6867FF5-74EC-4464-8958-D71CB46232F3}.Release|Any CPU.Build.0 = Release|Any CPU
		{E6867FF5-74EC-4464-8958-D71CB46232F3}.Release|Mixed Platforms.ActiveCfg = Release|Any CPU
		{E6867FF5-74EC-4464-8958-D71CB46232F3}.Release|Mixed Platforms.Build.0 = Release|Any CPU
		{E6867FF5-74EC-4464-8958-D71CB46232F3}.Release|x86.ActiveCfg = Release|Any CPU
		{7173A744-7A13-439B-AE13-A1CCCF4C8197}.Debug|Any CPU.ActiveCfg = Debug|Any CPU
		{7173A744-7A13-439B-AE13-A1CCCF4C8197}.Debug|Any CPU.Build.0 = Debug|Any CPU
		{7173A744-7A13-439B-AE13-A1CCCF4C8197}.Debug|Mixed Platforms.ActiveCfg = Debug|Any CPU
		{7173A744-7A13-439B-AE13-A1CCCF4C8197}.Debug|Mixed Platforms.Build.0 = Debug|Any CPU
		{7173A744-7A13-439B-AE13-A1CCCF4C8197}.Debug|x86.ActiveCfg = Debug|Any CPU
		{7173A744-7A13-439B-AE13-A1CCCF4C8197}.Release|Any CPU.ActiveCfg = Release|Any CPU
		{7173A744-7A13-439B-AE13-A1CCCF4C8197}.Release|Any CPU.Build.0 = Release|Any CPU
		{7173A744-7A13-439B-AE13-A1CCCF4C8197}.Release|Mixed Platforms.ActiveCfg = Release|Any CPU
		{7173A744-7A13-439B-AE13-A1CCCF4C8197}.Release|Mixed Platforms.Build.0 = Release|Any CPU
		{7173A744-7A13-439B-AE13-A1CCCF4C8197}.Release|x86.ActiveCfg = Release|Any CPU
		{1BDEF389-7E30-4D02-93F9-449CC19D07BF}.Debug|Any CPU.ActiveCfg = Debug|Any CPU
		{1BDEF389-7E30-4D02-93F9-449CC19D07BF}.Debug|Any CPU.Build.0 = Debug|Any CPU
		{1BDEF389-7E30-4D02-93F9-449CC19D07BF}.Debug|Mixed Platforms.ActiveCfg = Debug|Any CPU
		{1BDEF389-7E30-4D02-93F9-449CC19D07BF}.Debug|Mixed Platforms.Build.0 = Debug|Any CPU
		{1BDEF389-7E30-4D02-93F9-449CC19D07BF}.Debug|x86.ActiveCfg = Debug|Any CPU
		{1BDEF389-7E30-4D02-93F9-449CC19D07BF}.Release|Any CPU.ActiveCfg = Release|Any CPU
		{1BDEF389-7E30-4D02-93F9-449CC19D07BF}.Release|Any CPU.Build.0 = Release|Any CPU
		{1BDEF389-7E30-4D02-93F9-449CC19D07BF}.Release|Mixed Platforms.ActiveCfg = Release|Any CPU
		{1BDEF389-7E30-4D02-93F9-449CC19D07BF}.Release|Mixed Platforms.Build.0 = Release|Any CPU
		{1BDEF389-7E30-4D02-93F9-449CC19D07BF}.Release|x86.ActiveCfg = Release|Any CPU
		{503BA362-75C6-417B-9FE3-A3C11052FE8C}.Debug|Any CPU.ActiveCfg = Debug|x86
		{503BA362-75C6-417B-9FE3-A3C11052FE8C}.Debug|Mixed Platforms.ActiveCfg = Debug|x86
		{503BA362-75C6-417B-9FE3-A3C11052FE8C}.Debug|Mixed Platforms.Build.0 = Debug|x86
		{503BA362-75C6-417B-9FE3-A3C11052FE8C}.Debug|x86.ActiveCfg = Debug|x86
		{503BA362-75C6-417B-9FE3-A3C11052FE8C}.Debug|x86.Build.0 = Debug|x86
		{503BA362-75C6-417B-9FE3-A3C11052FE8C}.Release|Any CPU.ActiveCfg = Release|x86
		{503BA362-75C6-417B-9FE3-A3C11052FE8C}.Release|Mixed Platforms.ActiveCfg = Release|x86
		{503BA362-75C6-417B-9FE3-A3C11052FE8C}.Release|Mixed Platforms.Build.0 = Release|x86
		{503BA362-75C6-417B-9FE3-A3C11052FE8C}.Release|x86.ActiveCfg = Release|x86
		{503BA362-75C6-417B-9FE3-A3C11052FE8C}.Release|x86.Build.0 = Release|x86
	EndGlobalSection
	GlobalSection(SolutionProperties) = preSolution
		HideSolutionNode = FALSE
	EndGlobalSection
EndGlobal
